// !$*UTF8*$!
{
	archiveVersion = 1;
	classes = {
	};
	objectVersion = 50;
	objects = {

/* Begin PBXBuildFile section */
		5C163E9C232619C200B469E4 /* CoreDataManager+Employee.swift in Sources */ = {isa = PBXBuildFile; fileRef = 5C163E9B232619C200B469E4 /* CoreDataManager+Employee.swift */; };
		5C163EA323261DC900B469E4 /* EmployeeEntity+CoreDataClass.swift in Sources */ = {isa = PBXBuildFile; fileRef = 5C163EA123261DC900B469E4 /* EmployeeEntity+CoreDataClass.swift */; };
		5C163EA423261DC900B469E4 /* EmployeeEntity+CoreDataProperties.swift in Sources */ = {isa = PBXBuildFile; fileRef = 5C163EA223261DC900B469E4 /* EmployeeEntity+CoreDataProperties.swift */; };
		5C2557512324CEE2008CE3F4 /* AppDelegate.swift in Sources */ = {isa = PBXBuildFile; fileRef = 5C2557502324CEE2008CE3F4 /* AppDelegate.swift */; };
		5C2557532324CEE2008CE3F4 /* PersonViewController.swift in Sources */ = {isa = PBXBuildFile; fileRef = 5C2557522324CEE2008CE3F4 /* PersonViewController.swift */; };
		5C2557562324CEE2008CE3F4 /* Main.storyboard in Resources */ = {isa = PBXBuildFile; fileRef = 5C2557542324CEE2008CE3F4 /* Main.storyboard */; };
		5C25575B2324CEE4008CE3F4 /* Assets.xcassets in Resources */ = {isa = PBXBuildFile; fileRef = 5C25575A2324CEE4008CE3F4 /* Assets.xcassets */; };
		5C25575E2324CEE4008CE3F4 /* LaunchScreen.storyboard in Resources */ = {isa = PBXBuildFile; fileRef = 5C25575C2324CEE4008CE3F4 /* LaunchScreen.storyboard */; };
		5C2557662324CEF4008CE3F4 /* CoreDataManager.swift in Sources */ = {isa = PBXBuildFile; fileRef = 5C2557652324CEF4008CE3F4 /* CoreDataManager.swift */; };
		5C2557692324E9B9008CE3F4 /* CoreDatabase.xcdatamodeld in Sources */ = {isa = PBXBuildFile; fileRef = 5C2557672324E9B9008CE3F4 /* CoreDatabase.xcdatamodeld */; };
		5C2557762324EFAF008CE3F4 /* PersonEntity+CoreDataClass.swift in Sources */ = {isa = PBXBuildFile; fileRef = 5C2557742324EFAF008CE3F4 /* PersonEntity+CoreDataClass.swift */; };
		5C2557772324EFAF008CE3F4 /* PersonEntity+CoreDataProperties.swift in Sources */ = {isa = PBXBuildFile; fileRef = 5C2557752324EFAF008CE3F4 /* PersonEntity+CoreDataProperties.swift */; };
		5C2557792324F0E7008CE3F4 /* CoreDataManager+Person.swift in Sources */ = {isa = PBXBuildFile; fileRef = 5C2557782324F0E7008CE3F4 /* CoreDataManager+Person.swift */; };
		5C25577B232519A0008CE3F4 /* EmployeeViewController.swift in Sources */ = {isa = PBXBuildFile; fileRef = 5C25577A232519A0008CE3F4 /* EmployeeViewController.swift */; };
		5C25577D23256316008CE3F4 /* EmployeeComposeViewController.swift in Sources */ = {isa = PBXBuildFile; fileRef = 5C25577C23256316008CE3F4 /* EmployeeComposeViewController.swift */; };
		5C25577F2325637E008CE3F4 /* EmployeeTableViewCell.swift in Sources */ = {isa = PBXBuildFile; fileRef = 5C25577E2325637E008CE3F4 /* EmployeeTableViewCell.swift */; };
/* End PBXBuildFile section */

/* Begin PBXFileReference section */
		5C163E9B232619C200B469E4 /* CoreDataManager+Employee.swift */ = {isa = PBXFileReference; lastKnownFileType = sourcecode.swift; path = "CoreDataManager+Employee.swift"; sourceTree = "<group>"; };
		5C163EA123261DC900B469E4 /* EmployeeEntity+CoreDataClass.swift */ = {isa = PBXFileReference; lastKnownFileType = sourcecode.swift; path = "EmployeeEntity+CoreDataClass.swift"; sourceTree = "<group>"; };
		5C163EA223261DC900B469E4 /* EmployeeEntity+CoreDataProperties.swift */ = {isa = PBXFileReference; lastKnownFileType = sourcecode.swift; path = "EmployeeEntity+CoreDataProperties.swift"; sourceTree = "<group>"; };
		5C25574D2324CEE2008CE3F4 /* CoreDataSample.app */ = {isa = PBXFileReference; explicitFileType = wrapper.application; includeInIndex = 0; path = CoreDataSample.app; sourceTree = BUILT_PRODUCTS_DIR; };
		5C2557502324CEE2008CE3F4 /* AppDelegate.swift */ = {isa = PBXFileReference; lastKnownFileType = sourcecode.swift; path = AppDelegate.swift; sourceTree = "<group>"; };
		5C2557522324CEE2008CE3F4 /* PersonViewController.swift */ = {isa = PBXFileReference; lastKnownFileType = sourcecode.swift; path = PersonViewController.swift; sourceTree = "<group>"; };
		5C2557552324CEE2008CE3F4 /* Base */ = {isa = PBXFileReference; lastKnownFileType = file.storyboard; name = Base; path = Base.lproj/Main.storyboard; sourceTree = "<group>"; };
		5C25575A2324CEE4008CE3F4 /* Assets.xcassets */ = {isa = PBXFileReference; lastKnownFileType = folder.assetcatalog; path = Assets.xcassets; sourceTree = "<group>"; };
		5C25575D2324CEE4008CE3F4 /* Base */ = {isa = PBXFileReference; lastKnownFileType = file.storyboard; name = Base; path = Base.lproj/LaunchScreen.storyboard; sourceTree = "<group>"; };
		5C25575F2324CEE4008CE3F4 /* Info.plist */ = {isa = PBXFileReference; lastKnownFileType = text.plist.xml; path = Info.plist; sourceTree = "<group>"; };
		5C2557652324CEF4008CE3F4 /* CoreDataManager.swift */ = {isa = PBXFileReference; lastKnownFileType = sourcecode.swift; path = CoreDataManager.swift; sourceTree = "<group>"; };
		5C2557682324E9B9008CE3F4 /* CoreDatabase.xcdatamodel */ = {isa = PBXFileReference; lastKnownFileType = wrapper.xcdatamodel; path = CoreDatabase.xcdatamodel; sourceTree = "<group>"; };
		5C2557742324EFAF008CE3F4 /* PersonEntity+CoreDataClass.swift */ = {isa = PBXFileReference; lastKnownFileType = sourcecode.swift; path = "PersonEntity+CoreDataClass.swift"; sourceTree = SOURCE_ROOT; };
		5C2557752324EFAF008CE3F4 /* PersonEntity+CoreDataProperties.swift */ = {isa = PBXFileReference; lastKnownFileType = sourcecode.swift; path = "PersonEntity+CoreDataProperties.swift"; sourceTree = SOURCE_ROOT; };
		5C2557782324F0E7008CE3F4 /* CoreDataManager+Person.swift */ = {isa = PBXFileReference; lastKnownFileType = sourcecode.swift; path = "CoreDataManager+Person.swift"; sourceTree = "<group>"; };
		5C25577A232519A0008CE3F4 /* EmployeeViewController.swift */ = {isa = PBXFileReference; lastKnownFileType = sourcecode.swift; path = EmployeeViewController.swift; sourceTree = "<group>"; };
		5C25577C23256316008CE3F4 /* EmployeeComposeViewController.swift */ = {isa = PBXFileReference; lastKnownFileType = sourcecode.swift; path = EmployeeComposeViewController.swift; sourceTree = "<group>"; };
		5C25577E2325637E008CE3F4 /* EmployeeTableViewCell.swift */ = {isa = PBXFileReference; lastKnownFileType = sourcecode.swift; path = EmployeeTableViewCell.swift; sourceTree = "<group>"; };
/* End PBXFileReference section */

/* Begin PBXFrameworksBuildPhase section */
		5C25574A2324CEE2008CE3F4 /* Frameworks */ = {
			isa = PBXFrameworksBuildPhase;
			buildActionMask = 2147483647;
			files = (
			);
			runOnlyForDeploymentPostprocessing = 0;
		};
/* End PBXFrameworksBuildPhase section */

/* Begin PBXGroup section */
		5C163E962326192600B469E4 /* Employee */ = {
			isa = PBXGroup;
			children = (
				5C163EA123261DC900B469E4 /* EmployeeEntity+CoreDataClass.swift */,
				5C163EA223261DC900B469E4 /* EmployeeEntity+CoreDataProperties.swift */,
			);
			path = Employee;
			sourceTree = "<group>";
		};
		5C163EA5232632D600B469E4 /* Person */ = {
			isa = PBXGroup;
			children = (
				5C2557522324CEE2008CE3F4 /* PersonViewController.swift */,
			);
			path = Person;
			sourceTree = "<group>";
		};
		5C163EA62326345200B469E4 /* Employee */ = {
			isa = PBXGroup;
			children = (
				5C25577A232519A0008CE3F4 /* EmployeeViewController.swift */,
				5C25577E2325637E008CE3F4 /* EmployeeTableViewCell.swift */,
				5C163EA72326346200B469E4 /* Compose */,
			);
			path = Employee;
			sourceTree = "<group>";
		};
		5C163EA72326346200B469E4 /* Compose */ = {
			isa = PBXGroup;
			children = (
				5C25577C23256316008CE3F4 /* EmployeeComposeViewController.swift */,
			);
			path = Compose;
			sourceTree = "<group>";
		};
		5C2557442324CEE2008CE3F4 = {
			isa = PBXGroup;
			children = (
				5C25574F2324CEE2008CE3F4 /* CoreDataSample */,
				5C25574E2324CEE2008CE3F4 /* Products */,
			);
			sourceTree = "<group>";
		};
		5C25574E2324CEE2008CE3F4 /* Products */ = {
			isa = PBXGroup;
			children = (
				5C25574D2324CEE2008CE3F4 /* CoreDataSample.app */,
			);
			name = Products;
			sourceTree = "<group>";
		};
		5C25574F2324CEE2008CE3F4 /* CoreDataSample */ = {
			isa = PBXGroup;
			children = (
				5C25576C2324EA1C008CE3F4 /* Core */,
				5C25576A2324E9C7008CE3F4 /* Contents */,
				5C25576B2324E9ED008CE3F4 /* Resources */,
			);
			path = CoreDataSample;
			sourceTree = "<group>";
		};
		5C25576A2324E9C7008CE3F4 /* Contents */ = {
			isa = PBXGroup;
			children = (
				5C163EA5232632D600B469E4 /* Person */,
				5C163EA62326345200B469E4 /* Employee */,
			);
			path = Contents;
			sourceTree = "<group>";
		};
		5C25576B2324E9ED008CE3F4 /* Resources */ = {
			isa = PBXGroup;
			children = (
				5C2557542324CEE2008CE3F4 /* Main.storyboard */,
				5C25575A2324CEE4008CE3F4 /* Assets.xcassets */,
				5C25575C2324CEE4008CE3F4 /* LaunchScreen.storyboard */,
				5C25575F2324CEE4008CE3F4 /* Info.plist */,
			);
			path = Resources;
			sourceTree = "<group>";
		};
		5C25576C2324EA1C008CE3F4 /* Core */ = {
			isa = PBXGroup;
			children = (
				5C2557502324CEE2008CE3F4 /* AppDelegate.swift */,
				5C25576D2324EA29008CE3F4 /* CoreData */,
			);
			path = Core;
			sourceTree = "<group>";
		};
		5C25576D2324EA29008CE3F4 /* CoreData */ = {
			isa = PBXGroup;
			children = (
				5C2557652324CEF4008CE3F4 /* CoreDataManager.swift */,
				5C2557782324F0E7008CE3F4 /* CoreDataManager+Person.swift */,
				5C163E9B232619C200B469E4 /* CoreDataManager+Employee.swift */,
				5C2557672324E9B9008CE3F4 /* CoreDatabase.xcdatamodeld */,
				5C2557722324ECD1008CE3F4 /* Entities */,
			);
			path = CoreData;
			sourceTree = "<group>";
		};
		5C2557722324ECD1008CE3F4 /* Entities */ = {
			isa = PBXGroup;
			children = (
				5C163E962326192600B469E4 /* Employee */,
				5C2557732324ECE7008CE3F4 /* Person */,
			);
			path = Entities;
			sourceTree = "<group>";
		};
		5C2557732324ECE7008CE3F4 /* Person */ = {
			isa = PBXGroup;
			children = (
				5C2557742324EFAF008CE3F4 /* PersonEntity+CoreDataClass.swift */,
				5C2557752324EFAF008CE3F4 /* PersonEntity+CoreDataProperties.swift */,
			);
			path = Person;
			sourceTree = "<group>";
		};
/* End PBXGroup section */

/* Begin PBXNativeTarget section */
		5C25574C2324CEE2008CE3F4 /* CoreDataSample */ = {
			isa = PBXNativeTarget;
			buildConfigurationList = 5C2557622324CEE4008CE3F4 /* Build configuration list for PBXNativeTarget "CoreDataSample" */;
			buildPhases = (
				5C2557492324CEE2008CE3F4 /* Sources */,
				5C25574A2324CEE2008CE3F4 /* Frameworks */,
				5C25574B2324CEE2008CE3F4 /* Resources */,
			);
			buildRules = (
			);
			dependencies = (
			);
			name = CoreDataSample;
			productName = CoreDataSample;
			productReference = 5C25574D2324CEE2008CE3F4 /* CoreDataSample.app */;
			productType = "com.apple.product-type.application";
		};
/* End PBXNativeTarget section */

/* Begin PBXProject section */
		5C2557452324CEE2008CE3F4 /* Project object */ = {
			isa = PBXProject;
			attributes = {
				LastSwiftUpdateCheck = 1030;
				LastUpgradeCheck = 1030;
				ORGANIZATIONNAME = Jinnify;
				TargetAttributes = {
					5C25574C2324CEE2008CE3F4 = {
						CreatedOnToolsVersion = 10.3;
					};
				};
			};
			buildConfigurationList = 5C2557482324CEE2008CE3F4 /* Build configuration list for PBXProject "CoreDataSample" */;
			compatibilityVersion = "Xcode 9.3";
			developmentRegion = en;
			hasScannedForEncodings = 0;
			knownRegions = (
				en,
				Base,
			);
			mainGroup = 5C2557442324CEE2008CE3F4;
			productRefGroup = 5C25574E2324CEE2008CE3F4 /* Products */;
			projectDirPath = "";
			projectRoot = "";
			targets = (
				5C25574C2324CEE2008CE3F4 /* CoreDataSample */,
			);
		};
/* End PBXProject section */

/* Begin PBXResourcesBuildPhase section */
		5C25574B2324CEE2008CE3F4 /* Resources */ = {
			isa = PBXResourcesBuildPhase;
			buildActionMask = 2147483647;
			files = (
				5C25575E2324CEE4008CE3F4 /* LaunchScreen.storyboard in Resources */,
				5C25575B2324CEE4008CE3F4 /* Assets.xcassets in Resources */,
				5C2557562324CEE2008CE3F4 /* Main.storyboard in Resources */,
			);
			runOnlyForDeploymentPostprocessing = 0;
		};
/* End PBXResourcesBuildPhase section */

/* Begin PBXSourcesBuildPhase section */
		5C2557492324CEE2008CE3F4 /* Sources */ = {
			isa = PBXSourcesBuildPhase;
			buildActionMask = 2147483647;
			files = (
				5C2557762324EFAF008CE3F4 /* PersonEntity+CoreDataClass.swift in Sources */,
				5C2557532324CEE2008CE3F4 /* PersonViewController.swift in Sources */,
				5C163E9C232619C200B469E4 /* CoreDataManager+Employee.swift in Sources */,
				5C2557662324CEF4008CE3F4 /* CoreDataManager.swift in Sources */,
				5C25577F2325637E008CE3F4 /* EmployeeTableViewCell.swift in Sources */,
				5C2557772324EFAF008CE3F4 /* PersonEntity+CoreDataProperties.swift in Sources */,
				5C163EA323261DC900B469E4 /* EmployeeEntity+CoreDataClass.swift in Sources */,
				5C2557512324CEE2008CE3F4 /* AppDelegate.swift in Sources */,
				5C2557692324E9B9008CE3F4 /* CoreDatabase.xcdatamodeld in Sources */,
				5C25577B232519A0008CE3F4 /* EmployeeViewController.swift in Sources */,
				5C25577D23256316008CE3F4 /* EmployeeComposeViewController.swift in Sources */,
				5C163EA423261DC900B469E4 /* EmployeeEntity+CoreDataProperties.swift in Sources */,
				5C2557792324F0E7008CE3F4 /* CoreDataManager+Person.swift in Sources */,
			);
			runOnlyForDeploymentPostprocessing = 0;
		};
/* End PBXSourcesBuildPhase section */

/* Begin PBXVariantGroup section */
		5C2557542324CEE2008CE3F4 /* Main.storyboard */ = {
			isa = PBXVariantGroup;
			children = (
				5C2557552324CEE2008CE3F4 /* Base */,
			);
			name = Main.storyboard;
			sourceTree = "<group>";
		};
		5C25575C2324CEE4008CE3F4 /* LaunchScreen.storyboard */ = {
			isa = PBXVariantGroup;
			children = (
				5C25575D2324CEE4008CE3F4 /* Base */,
			);
			name = LaunchScreen.storyboard;
			sourceTree = "<group>";
		};
/* End PBXVariantGroup section */

/* Begin XCBuildConfiguration section */
		5C2557602324CEE4008CE3F4 /* Debug */ = {
			isa = XCBuildConfiguration;
			buildSettings = {
				ALWAYS_SEARCH_USER_PATHS = NO;
				CLANG_ANALYZER_NONNULL = YES;
				CLANG_ANALYZER_NUMBER_OBJECT_CONVERSION = YES_AGGRESSIVE;
				CLANG_CXX_LANGUAGE_STANDARD = "gnu++14";
				CLANG_CXX_LIBRARY = "libc++";
				CLANG_ENABLE_MODULES = YES;
				CLANG_ENABLE_OBJC_ARC = YES;
				CLANG_ENABLE_OBJC_WEAK = YES;
				CLANG_WARN_BLOCK_CAPTURE_AUTORELEASING = YES;
				CLANG_WARN_BOOL_CONVERSION = YES;
				CLANG_WARN_COMMA = YES;
				CLANG_WARN_CONSTANT_CONVERSION = YES;
				CLANG_WARN_DEPRECATED_OBJC_IMPLEMENTATIONS = YES;
				CLANG_WARN_DIRECT_OBJC_ISA_USAGE = YES_ERROR;
				CLANG_WARN_DOCUMENTATION_COMMENTS = YES;
				CLANG_WARN_EMPTY_BODY = YES;
				CLANG_WARN_ENUM_CONVERSION = YES;
				CLANG_WARN_INFINITE_RECURSION = YES;
				CLANG_WARN_INT_CONVERSION = YES;
				CLANG_WARN_NON_LITERAL_NULL_CONVERSION = YES;
				CLANG_WARN_OBJC_IMPLICIT_RETAIN_SELF = YES;
				CLANG_WARN_OBJC_LITERAL_CONVERSION = YES;
				CLANG_WARN_OBJC_ROOT_CLASS = YES_ERROR;
				CLANG_WARN_RANGE_LOOP_ANALYSIS = YES;
				CLANG_WARN_STRICT_PROTOTYPES = YES;
				CLANG_WARN_SUSPICIOUS_MOVE = YES;
				CLANG_WARN_UNGUARDED_AVAILABILITY = YES_AGGRESSIVE;
				CLANG_WARN_UNREACHABLE_CODE = YES;
				CLANG_WARN__DUPLICATE_METHOD_MATCH = YES;
				CODE_SIGN_IDENTITY = "iPhone Developer";
				COPY_PHASE_STRIP = NO;
				DEBUG_INFORMATION_FORMAT = dwarf;
				ENABLE_STRICT_OBJC_MSGSEND = YES;
				ENABLE_TESTABILITY = YES;
				GCC_C_LANGUAGE_STANDARD = gnu11;
				GCC_DYNAMIC_NO_PIC = NO;
				GCC_NO_COMMON_BLOCKS = YES;
				GCC_OPTIMIZATION_LEVEL = 0;
				GCC_PREPROCESSOR_DEFINITIONS = (
					"DEBUG=1",
					"$(inherited)",
				);
				GCC_WARN_64_TO_32_BIT_CONVERSION = YES;
				GCC_WARN_ABOUT_RETURN_TYPE = YES_ERROR;
				GCC_WARN_UNDECLARED_SELECTOR = YES;
				GCC_WARN_UNINITIALIZED_AUTOS = YES_AGGRESSIVE;
				GCC_WARN_UNUSED_FUNCTION = YES;
				GCC_WARN_UNUSED_VARIABLE = YES;
				IPHONEOS_DEPLOYMENT_TARGET = 12.4;
				MTL_ENABLE_DEBUG_INFO = INCLUDE_SOURCE;
				MTL_FAST_MATH = YES;
				ONLY_ACTIVE_ARCH = YES;
				SDKROOT = iphoneos;
				SWIFT_ACTIVE_COMPILATION_CONDITIONS = DEBUG;
				SWIFT_OPTIMIZATION_LEVEL = "-Onone";
			};
			name = Debug;
		};
		5C2557612324CEE4008CE3F4 /* Release */ = {
			isa = XCBuildConfiguration;
			buildSettings = {
				ALWAYS_SEARCH_USER_PATHS = NO;
				CLANG_ANALYZER_NONNULL = YES;
				CLANG_ANALYZER_NUMBER_OBJECT_CONVERSION = YES_AGGRESSIVE;
				CLANG_CXX_LANGUAGE_STANDARD = "gnu++14";
				CLANG_CXX_LIBRARY = "libc++";
				CLANG_ENABLE_MODULES = YES;
				CLANG_ENABLE_OBJC_ARC = YES;
				CLANG_ENABLE_OBJC_WEAK = YES;
				CLANG_WARN_BLOCK_CAPTURE_AUTORELEASING = YES;
				CLANG_WARN_BOOL_CONVERSION = YES;
				CLANG_WARN_COMMA = YES;
				CLANG_WARN_CONSTANT_CONVERSION = YES;
				CLANG_WARN_DEPRECATED_OBJC_IMPLEMENTATIONS = YES;
				CLANG_WARN_DIRECT_OBJC_ISA_USAGE = YES_ERROR;
				CLANG_WARN_DOCUMENTATION_COMMENTS = YES;
				CLANG_WARN_EMPTY_BODY = YES;
				CLANG_WARN_ENUM_CONVERSION = YES;
				CLANG_WARN_INFINITE_RECURSION = YES;
				CLANG_WARN_INT_CONVERSION = YES;
				CLANG_WARN_NON_LITERAL_NULL_CONVERSION = YES;
				CLANG_WARN_OBJC_IMPLICIT_RETAIN_SELF = YES;
				CLANG_WARN_OBJC_LITERAL_CONVERSION = YES;
				CLANG_WARN_OBJC_ROOT_CLASS = YES_ERROR;
				CLANG_WARN_RANGE_LOOP_ANALYSIS = YES;
				CLANG_WARN_STRICT_PROTOTYPES = YES;
				CLANG_WARN_SUSPICIOUS_MOVE = YES;
				CLANG_WARN_UNGUARDED_AVAILABILITY = YES_AGGRESSIVE;
				CLANG_WARN_UNREACHABLE_CODE = YES;
				CLANG_WARN__DUPLICATE_METHOD_MATCH = YES;
				CODE_SIGN_IDENTITY = "iPhone Developer";
				COPY_PHASE_STRIP = NO;
				DEBUG_INFORMATION_FORMAT = "dwarf-with-dsym";
				ENABLE_NS_ASSERTIONS = NO;
				ENABLE_STRICT_OBJC_MSGSEND = YES;
				GCC_C_LANGUAGE_STANDARD = gnu11;
				GCC_NO_COMMON_BLOCKS = YES;
				GCC_WARN_64_TO_32_BIT_CONVERSION = YES;
				GCC_WARN_ABOUT_RETURN_TYPE = YES_ERROR;
				GCC_WARN_UNDECLARED_SELECTOR = YES;
				GCC_WARN_UNINITIALIZED_AUTOS = YES_AGGRESSIVE;
				GCC_WARN_UNUSED_FUNCTION = YES;
				GCC_WARN_UNUSED_VARIABLE = YES;
				IPHONEOS_DEPLOYMENT_TARGET = 12.4;
				MTL_ENABLE_DEBUG_INFO = NO;
				MTL_FAST_MATH = YES;
				SDKROOT = iphoneos;
				SWIFT_COMPILATION_MODE = wholemodule;
				SWIFT_OPTIMIZATION_LEVEL = "-O";
				VALIDATE_PRODUCT = YES;
			};
			name = Release;
		};
		5C2557632324CEE4008CE3F4 /* Debug */ = {
			isa = XCBuildConfiguration;
			buildSettings = {
				ASSETCATALOG_COMPILER_APPICON_NAME = AppIcon;
				CODE_SIGN_STYLE = Automatic;
				DEVELOPMENT_TEAM = CNMQE42DQF;
				INFOPLIST_FILE = "$(SRCROOT)/CoreDataSample/Resources/Info.plist";
				LD_RUNPATH_SEARCH_PATHS = (
					"$(inherited)",
					"@executable_path/Frameworks",
				);
				PRODUCT_BUNDLE_IDENTIFIER = com.jinnify.CoreDataSample;
				PRODUCT_NAME = "$(TARGET_NAME)";
				SWIFT_VERSION = 5.0;
				TARGETED_DEVICE_FAMILY = "1,2";
			};
			name = Debug;
		};
		5C2557642324CEE4008CE3F4 /* Release */ = {
			isa = XCBuildConfiguration;
			buildSettings = {
				ASSETCATALOG_COMPILER_APPICON_NAME = AppIcon;
				CODE_SIGN_STYLE = Automatic;
				DEVELOPMENT_TEAM = CNMQE42DQF;
				INFOPLIST_FILE = "$(SRCROOT)/CoreDataSample/Resources/Info.plist";
				LD_RUNPATH_SEARCH_PATHS = (
					"$(inherited)",
					"@executable_path/Frameworks",
				);
				PRODUCT_BUNDLE_IDENTIFIER = com.jinnify.CoreDataSample;
				PRODUCT_NAME = "$(TARGET_NAME)";
				SWIFT_VERSION = 5.0;
				TARGETED_DEVICE_FAMILY = "1,2";
			};
			name = Release;
		};
/* End XCBuildConfiguration section */

/* Begin XCConfigurationList section */
		5C2557482324CEE2008CE3F4 /* Build configuration list for PBXProject "CoreDataSample" */ = {
			isa = XCConfigurationList;
			buildConfigurations = (
				5C2557602324CEE4008CE3F4 /* Debug */,
				5C2557612324CEE4008CE3F4 /* Release */,
			);
			defaultConfigurationIsVisible = 0;
			defaultConfigurationName = Release;
		};
		5C2557622324CEE4008CE3F4 /* Build configuration list for PBXNativeTarget "CoreDataSample" */ = {
			isa = XCConfigurationList;
			buildConfigurations = (
				5C2557632324CEE4008CE3F4 /* Debug */,
				5C2557642324CEE4008CE3F4 /* Release */,
			);
			defaultConfigurationIsVisible = 0;
			defaultConfigurationName = Release;
		};
/* End XCConfigurationList section */

/* Begin XCVersionGroup section */
		5C2557672324E9B9008CE3F4 /* CoreDatabase.xcdatamodeld */ = {
			isa = XCVersionGroup;
			children = (
				5C2557682324E9B9008CE3F4 /* CoreDatabase.xcdatamodel */,
			);
			currentVersion = 5C2557682324E9B9008CE3F4 /* CoreDatabase.xcdatamodel */;
			path = CoreDatabase.xcdatamodeld;
			sourceTree = "<group>";
			versionGroupType = wrapper.xcdatamodel;
		};
/* End XCVersionGroup section */
	};
	rootObject = 5C2557452324CEE2008CE3F4 /* Project object */;
}
